// !$*UTF8*$!
{
	archiveVersion = 1;
	classes = {
	};
	objectVersion = 54;
	objects = {

/* Begin PBXBuildFile section */
		0D13AD5227CF621200B0119E /* SettingsViewController.swift in Sources */ = {isa = PBXBuildFile; fileRef = 0D13AD5027CF621200B0119E /* SettingsViewController.swift */; };
		0D13AD5327CF621200B0119E /* SettingsViewController.xib in Resources */ = {isa = PBXBuildFile; fileRef = 0D13AD5127CF621200B0119E /* SettingsViewController.xib */; };
		0D2C2A2127C6AD1A0068907D /* SelectBudgetViewController.swift in Sources */ = {isa = PBXBuildFile; fileRef = 0D2C2A1F27C6AD1A0068907D /* SelectBudgetViewController.swift */; };
		0D2C2A2227C6AD1A0068907D /* SelectBudgetViewController.xib in Resources */ = {isa = PBXBuildFile; fileRef = 0D2C2A2027C6AD1A0068907D /* SelectBudgetViewController.xib */; };
		0D2C2A2D27C6C4680068907D /* SelectDayViewController.swift in Sources */ = {isa = PBXBuildFile; fileRef = 0D2C2A2B27C6C4680068907D /* SelectDayViewController.swift */; };
		0D2C2A2E27C6C4680068907D /* SelectDayViewController.xib in Resources */ = {isa = PBXBuildFile; fileRef = 0D2C2A2C27C6C4680068907D /* SelectDayViewController.xib */; };
		0D62F45024DE6DAE00FA96F0 /* AppDelegate.swift in Sources */ = {isa = PBXBuildFile; fileRef = 0D62F44F24DE6DAE00FA96F0 /* AppDelegate.swift */; };
		0D62F45224DE6DAE00FA96F0 /* SceneDelegate.swift in Sources */ = {isa = PBXBuildFile; fileRef = 0D62F45124DE6DAE00FA96F0 /* SceneDelegate.swift */; };
		0D62F45924DE6DAF00FA96F0 /* Assets.xcassets in Resources */ = {isa = PBXBuildFile; fileRef = 0D62F45824DE6DAF00FA96F0 /* Assets.xcassets */; };
		0D62F45C24DE6DAF00FA96F0 /* LaunchScreen.storyboard in Resources */ = {isa = PBXBuildFile; fileRef = 0D62F45A24DE6DAF00FA96F0 /* LaunchScreen.storyboard */; };
		0D8227F927B039AA00ABB884 /* EditPayViewController.swift in Sources */ = {isa = PBXBuildFile; fileRef = 0D8227F727B039AA00ABB884 /* EditPayViewController.swift */; };
		0D8227FA27B039AA00ABB884 /* EditPayViewController.xib in Resources */ = {isa = PBXBuildFile; fileRef = 0D8227F827B039AA00ABB884 /* EditPayViewController.xib */; };
		0D92EF7427D0898500A7D2B2 /* AppSettings.swift in Sources */ = {isa = PBXBuildFile; fileRef = 0D92EF7327D0898500A7D2B2 /* AppSettings.swift */; };
		0DA52D6D24DE705E0002BB92 /* MainViewController.swift in Sources */ = {isa = PBXBuildFile; fileRef = 0DA52D6B24DE705E0002BB92 /* MainViewController.swift */; };
		0DA52D6E24DE705E0002BB92 /* MainViewController.xib in Resources */ = {isa = PBXBuildFile; fileRef = 0DA52D6C24DE705E0002BB92 /* MainViewController.xib */; };
		0DA52D7124DE71710002BB92 /* SQuery in Frameworks */ = {isa = PBXBuildFile; productRef = 0DA52D7024DE71710002BB92 /* SQuery */; };
		0DA52D7424DE71830002BB92 /* SizUI in Frameworks */ = {isa = PBXBuildFile; productRef = 0DA52D7324DE71830002BB92 /* SizUI */; };
		0DA52D7724DE71950002BB92 /* SizUtil in Frameworks */ = {isa = PBXBuildFile; productRef = 0DA52D7624DE71950002BB92 /* SizUtil */; };
		0DA52D7A24DE71EA0002BB92 /* Strings.swift in Sources */ = {isa = PBXBuildFile; fileRef = 0DA52D7924DE71EA0002BB92 /* Strings.swift */; };
		0DA52D7C24DE72670002BB92 /* Budget.swift in Sources */ = {isa = PBXBuildFile; fileRef = 0DA52D7B24DE72670002BB92 /* Budget.swift */; };
		0DA52D8024DE746E0002BB92 /* DataManager.swift in Sources */ = {isa = PBXBuildFile; fileRef = 0DA52D7F24DE746E0002BB92 /* DataManager.swift */; };
		0DA52D8224DE74F40002BB92 /* Config.swift in Sources */ = {isa = PBXBuildFile; fileRef = 0DA52D8124DE74F40002BB92 /* Config.swift */; };
		0DA52D8424DE75B80002BB92 /* Household.swift in Sources */ = {isa = PBXBuildFile; fileRef = 0DA52D8324DE75B80002BB92 /* Household.swift */; };
		0DA52D8624DFB8540002BB92 /* Settings.swift in Sources */ = {isa = PBXBuildFile; fileRef = 0DA52D8524DFB8540002BB92 /* Settings.swift */; };
		0DA52D8824DFBA160002BB92 /* Images.swift in Sources */ = {isa = PBXBuildFile; fileRef = 0DA52D8724DFBA160002BB92 /* Images.swift */; };
		0DBB9C1827724337002B8961 /* YearMonthPicker.swift in Sources */ = {isa = PBXBuildFile; fileRef = 0DBB9C1727724337002B8961 /* YearMonthPicker.swift */; };
		0DBB9C1B27738A33002B8961 /* BudgetTableView.swift in Sources */ = {isa = PBXBuildFile; fileRef = 0DBB9C1A27738A33002B8961 /* BudgetTableView.swift */; };
		0DBB9C1D2773C433002B8961 /* UIUtils.swift in Sources */ = {isa = PBXBuildFile; fileRef = 0DBB9C1C2773C433002B8961 /* UIUtils.swift */; };
		0DBB9C2127740E61002B8961 /* EditBudgetViewController.swift in Sources */ = {isa = PBXBuildFile; fileRef = 0DBB9C1F27740E61002B8961 /* EditBudgetViewController.swift */; };
		0DBB9C2227740E61002B8961 /* EditBudgetViewController.xib in Resources */ = {isa = PBXBuildFile; fileRef = 0DBB9C2027740E61002B8961 /* EditBudgetViewController.xib */; };
		0DBB9C27277B8DF6002B8961 /* BudgetTableViewCell.swift in Sources */ = {isa = PBXBuildFile; fileRef = 0DBB9C25277B8DF6002B8961 /* BudgetTableViewCell.swift */; };
		0DBB9C28277B8DF6002B8961 /* BudgetTableViewCell.xib in Resources */ = {isa = PBXBuildFile; fileRef = 0DBB9C26277B8DF6002B8961 /* BudgetTableViewCell.xib */; };
		0DBB9C2A277D481C002B8961 /* HouseholdTable.swift in Sources */ = {isa = PBXBuildFile; fileRef = 0DBB9C29277D481C002B8961 /* HouseholdTable.swift */; };
		0DBB9C2D277D77AC002B8961 /* HouseholdTableCell.swift in Sources */ = {isa = PBXBuildFile; fileRef = 0DBB9C2B277D77AC002B8961 /* HouseholdTableCell.swift */; };
		0DBB9C2E277D77AC002B8961 /* HouseholdTableCell.xib in Resources */ = {isa = PBXBuildFile; fileRef = 0DBB9C2C277D77AC002B8961 /* HouseholdTableCell.xib */; };
		0DBB9C352785BE37002B8961 /* BudgetCell.swift in Sources */ = {isa = PBXBuildFile; fileRef = 0DBB9C332785BE37002B8961 /* BudgetCell.swift */; };
		0DBB9C362785BE37002B8961 /* BudgetCell.xib in Resources */ = {isa = PBXBuildFile; fileRef = 0DBB9C342785BE37002B8961 /* BudgetCell.xib */; };
		0DE0D1D9284E6BBD0060D3AC /* BaseViewController.swift in Sources */ = {isa = PBXBuildFile; fileRef = 0DE0D1D8284E6BBD0060D3AC /* BaseViewController.swift */; };
		0DEB2ED327D2750D00304881 /* ManualViewController.swift in Sources */ = {isa = PBXBuildFile; fileRef = 0DEB2ED127D2750D00304881 /* ManualViewController.swift */; };
		0DEB2ED427D2750D00304881 /* ManualViewController.xib in Resources */ = {isa = PBXBuildFile; fileRef = 0DEB2ED227D2750D00304881 /* ManualViewController.xib */; };
		0DEB2ED627D276D700304881 /* README.pdf in Resources */ = {isa = PBXBuildFile; fileRef = 0DEB2ED527D276D700304881 /* README.pdf */; };
/* End PBXBuildFile section */

/* Begin PBXFileReference section */
		0D13AD5027CF621200B0119E /* SettingsViewController.swift */ = {isa = PBXFileReference; lastKnownFileType = sourcecode.swift; path = SettingsViewController.swift; sourceTree = "<group>"; };
		0D13AD5127CF621200B0119E /* SettingsViewController.xib */ = {isa = PBXFileReference; lastKnownFileType = file.xib; path = SettingsViewController.xib; sourceTree = "<group>"; };
		0D2C2A1F27C6AD1A0068907D /* SelectBudgetViewController.swift */ = {isa = PBXFileReference; lastKnownFileType = sourcecode.swift; path = SelectBudgetViewController.swift; sourceTree = "<group>"; };
		0D2C2A2027C6AD1A0068907D /* SelectBudgetViewController.xib */ = {isa = PBXFileReference; lastKnownFileType = file.xib; path = SelectBudgetViewController.xib; sourceTree = "<group>"; };
		0D2C2A2B27C6C4680068907D /* SelectDayViewController.swift */ = {isa = PBXFileReference; lastKnownFileType = sourcecode.swift; path = SelectDayViewController.swift; sourceTree = "<group>"; };
		0D2C2A2C27C6C4680068907D /* SelectDayViewController.xib */ = {isa = PBXFileReference; lastKnownFileType = file.xib; path = SelectDayViewController.xib; sourceTree = "<group>"; };
		0D62F44C24DE6DAE00FA96F0 /* 楽家計.app */ = {isa = PBXFileReference; explicitFileType = wrapper.application; includeInIndex = 0; path = "楽家計.app"; sourceTree = BUILT_PRODUCTS_DIR; };
		0D62F44F24DE6DAE00FA96F0 /* AppDelegate.swift */ = {isa = PBXFileReference; lastKnownFileType = sourcecode.swift; path = AppDelegate.swift; sourceTree = "<group>"; };
		0D62F45124DE6DAE00FA96F0 /* SceneDelegate.swift */ = {isa = PBXFileReference; lastKnownFileType = sourcecode.swift; path = SceneDelegate.swift; sourceTree = "<group>"; };
		0D62F45824DE6DAF00FA96F0 /* Assets.xcassets */ = {isa = PBXFileReference; lastKnownFileType = folder.assetcatalog; path = Assets.xcassets; sourceTree = "<group>"; };
		0D62F45B24DE6DAF00FA96F0 /* Base */ = {isa = PBXFileReference; lastKnownFileType = file.storyboard; name = Base; path = Base.lproj/LaunchScreen.storyboard; sourceTree = "<group>"; };
		0D62F45D24DE6DAF00FA96F0 /* Info.plist */ = {isa = PBXFileReference; lastKnownFileType = text.plist.xml; path = Info.plist; sourceTree = "<group>"; };
		0D8227F727B039AA00ABB884 /* EditPayViewController.swift */ = {isa = PBXFileReference; lastKnownFileType = sourcecode.swift; path = EditPayViewController.swift; sourceTree = "<group>"; };
		0D8227F827B039AA00ABB884 /* EditPayViewController.xib */ = {isa = PBXFileReference; lastKnownFileType = file.xib; path = EditPayViewController.xib; sourceTree = "<group>"; };
		0D92EF7327D0898500A7D2B2 /* AppSettings.swift */ = {isa = PBXFileReference; lastKnownFileType = sourcecode.swift; path = AppSettings.swift; sourceTree = "<group>"; };
		0D92EF7527D08D9800A7D2B2 /* RakuKakei.entitlements */ = {isa = PBXFileReference; lastKnownFileType = text.plist.entitlements; path = RakuKakei.entitlements; sourceTree = "<group>"; };
		0DA52D6B24DE705E0002BB92 /* MainViewController.swift */ = {isa = PBXFileReference; lastKnownFileType = sourcecode.swift; path = MainViewController.swift; sourceTree = "<group>"; };
		0DA52D6C24DE705E0002BB92 /* MainViewController.xib */ = {isa = PBXFileReference; lastKnownFileType = file.xib; path = MainViewController.xib; sourceTree = "<group>"; };
		0DA52D7924DE71EA0002BB92 /* Strings.swift */ = {isa = PBXFileReference; lastKnownFileType = sourcecode.swift; path = Strings.swift; sourceTree = "<group>"; };
		0DA52D7B24DE72670002BB92 /* Budget.swift */ = {isa = PBXFileReference; lastKnownFileType = sourcecode.swift; path = Budget.swift; sourceTree = "<group>"; };
		0DA52D7F24DE746E0002BB92 /* DataManager.swift */ = {isa = PBXFileReference; lastKnownFileType = sourcecode.swift; path = DataManager.swift; sourceTree = "<group>"; };
		0DA52D8124DE74F40002BB92 /* Config.swift */ = {isa = PBXFileReference; lastKnownFileType = sourcecode.swift; path = Config.swift; sourceTree = "<group>"; };
		0DA52D8324DE75B80002BB92 /* Household.swift */ = {isa = PBXFileReference; lastKnownFileType = sourcecode.swift; path = Household.swift; sourceTree = "<group>"; };
		0DA52D8524DFB8540002BB92 /* Settings.swift */ = {isa = PBXFileReference; lastKnownFileType = sourcecode.swift; path = Settings.swift; sourceTree = "<group>"; };
		0DA52D8724DFBA160002BB92 /* Images.swift */ = {isa = PBXFileReference; lastKnownFileType = sourcecode.swift; path = Images.swift; sourceTree = "<group>"; };
		0DBB9C1727724337002B8961 /* YearMonthPicker.swift */ = {isa = PBXFileReference; lastKnownFileType = sourcecode.swift; path = YearMonthPicker.swift; sourceTree = "<group>"; };
		0DBB9C1A27738A33002B8961 /* BudgetTableView.swift */ = {isa = PBXFileReference; lastKnownFileType = sourcecode.swift; path = BudgetTableView.swift; sourceTree = "<group>"; };
		0DBB9C1C2773C433002B8961 /* UIUtils.swift */ = {isa = PBXFileReference; lastKnownFileType = sourcecode.swift; path = UIUtils.swift; sourceTree = "<group>"; };
		0DBB9C1F27740E61002B8961 /* EditBudgetViewController.swift */ = {isa = PBXFileReference; lastKnownFileType = sourcecode.swift; path = EditBudgetViewController.swift; sourceTree = "<group>"; };
		0DBB9C2027740E61002B8961 /* EditBudgetViewController.xib */ = {isa = PBXFileReference; lastKnownFileType = file.xib; path = EditBudgetViewController.xib; sourceTree = "<group>"; };
		0DBB9C25277B8DF6002B8961 /* BudgetTableViewCell.swift */ = {isa = PBXFileReference; lastKnownFileType = sourcecode.swift; path = BudgetTableViewCell.swift; sourceTree = "<group>"; };
		0DBB9C26277B8DF6002B8961 /* BudgetTableViewCell.xib */ = {isa = PBXFileReference; lastKnownFileType = file.xib; path = BudgetTableViewCell.xib; sourceTree = "<group>"; };
		0DBB9C29277D481C002B8961 /* HouseholdTable.swift */ = {isa = PBXFileReference; lastKnownFileType = sourcecode.swift; path = HouseholdTable.swift; sourceTree = "<group>"; };
		0DBB9C2B277D77AC002B8961 /* HouseholdTableCell.swift */ = {isa = PBXFileReference; lastKnownFileType = sourcecode.swift; path = HouseholdTableCell.swift; sourceTree = "<group>"; };
		0DBB9C2C277D77AC002B8961 /* HouseholdTableCell.xib */ = {isa = PBXFileReference; lastKnownFileType = file.xib; path = HouseholdTableCell.xib; sourceTree = "<group>"; };
		0DBB9C332785BE37002B8961 /* BudgetCell.swift */ = {isa = PBXFileReference; lastKnownFileType = sourcecode.swift; path = BudgetCell.swift; sourceTree = "<group>"; };
		0DBB9C342785BE37002B8961 /* BudgetCell.xib */ = {isa = PBXFileReference; lastKnownFileType = file.xib; path = BudgetCell.xib; sourceTree = "<group>"; };
		0DE0D1D8284E6BBD0060D3AC /* BaseViewController.swift */ = {isa = PBXFileReference; lastKnownFileType = sourcecode.swift; path = BaseViewController.swift; sourceTree = "<group>"; };
		0DEB2ED127D2750D00304881 /* ManualViewController.swift */ = {isa = PBXFileReference; lastKnownFileType = sourcecode.swift; path = ManualViewController.swift; sourceTree = "<group>"; };
		0DEB2ED227D2750D00304881 /* ManualViewController.xib */ = {isa = PBXFileReference; lastKnownFileType = file.xib; path = ManualViewController.xib; sourceTree = "<group>"; };
		0DEB2ED527D276D700304881 /* README.pdf */ = {isa = PBXFileReference; lastKnownFileType = image.pdf; path = README.pdf; sourceTree = "<group>"; };
/* End PBXFileReference section */

/* Begin PBXFrameworksBuildPhase section */
		0D62F44924DE6DAE00FA96F0 /* Frameworks */ = {
			isa = PBXFrameworksBuildPhase;
			buildActionMask = 2147483647;
			files = (
				0DA52D7724DE71950002BB92 /* SizUtil in Frameworks */,
				0DA52D7124DE71710002BB92 /* SQuery in Frameworks */,
				0DA52D7424DE71830002BB92 /* SizUI in Frameworks */,
			);
			runOnlyForDeploymentPostprocessing = 0;
		};
/* End PBXFrameworksBuildPhase section */

/* Begin PBXGroup section */
		0D13AD4F27CF61F900B0119E /* Settings */ = {
			isa = PBXGroup;
			children = (
				0DEB2ED027D274EF00304881 /* Manual */,
				0D13AD5027CF621200B0119E /* SettingsViewController.swift */,
				0D13AD5127CF621200B0119E /* SettingsViewController.xib */,
			);
			path = Settings;
			sourceTree = "<group>";
		};
		0D2C2A1D27C6ABD80068907D /* SelectBudget */ = {
			isa = PBXGroup;
			children = (
				0D2C2A1F27C6AD1A0068907D /* SelectBudgetViewController.swift */,
				0D2C2A2027C6AD1A0068907D /* SelectBudgetViewController.xib */,
			);
			path = SelectBudget;
			sourceTree = "<group>";
		};
		0D2C2A2A27C6C4500068907D /* SelectDay */ = {
			isa = PBXGroup;
			children = (
				0D2C2A2B27C6C4680068907D /* SelectDayViewController.swift */,
				0D2C2A2C27C6C4680068907D /* SelectDayViewController.xib */,
			);
			path = SelectDay;
			sourceTree = "<group>";
		};
		0D42EE3524DFDC4D00A5E631 /* Shared */ = {
			isa = PBXGroup;
			children = (
				0DE0D1D8284E6BBD0060D3AC /* BaseViewController.swift */,
				0DBB9C1A27738A33002B8961 /* BudgetTableView.swift */,
				0DBB9C25277B8DF6002B8961 /* BudgetTableViewCell.swift */,
				0DBB9C26277B8DF6002B8961 /* BudgetTableViewCell.xib */,
				0DBB9C1727724337002B8961 /* YearMonthPicker.swift */,
			);
			path = Shared;
			sourceTree = "<group>";
		};
		0D62F44324DE6DAE00FA96F0 = {
			isa = PBXGroup;
			children = (
				0D62F44E24DE6DAE00FA96F0 /* RakuKakei */,
				0D62F44D24DE6DAE00FA96F0 /* Products */,
			);
			sourceTree = "<group>";
		};
		0D62F44D24DE6DAE00FA96F0 /* Products */ = {
			isa = PBXGroup;
			children = (
				0D62F44C24DE6DAE00FA96F0 /* 楽家計.app */,
			);
			name = Products;
			sourceTree = "<group>";
		};
		0D62F44E24DE6DAE00FA96F0 /* RakuKakei */ = {
			isa = PBXGroup;
			children = (
				0D92EF7527D08D9800A7D2B2 /* RakuKakei.entitlements */,
				0DA52D6624DE6DE20002BB92 /* Resources */,
				0DA52D6824DE6DF00002BB92 /* Model */,
				0DA52D6924DE6DF50002BB92 /* Lib */,
				0DA52D6724DE6DE70002BB92 /* UI */,
				0DA52D8124DE74F40002BB92 /* Config.swift */,
				0D62F45D24DE6DAF00FA96F0 /* Info.plist */,
			);
			path = RakuKakei;
			sourceTree = "<group>";
		};
		0D8227F627B0362D00ABB884 /* EditPay */ = {
			isa = PBXGroup;
			children = (
				0D8227F727B039AA00ABB884 /* EditPayViewController.swift */,
				0D8227F827B039AA00ABB884 /* EditPayViewController.xib */,
				0D2C2A1D27C6ABD80068907D /* SelectBudget */,
				0D2C2A2A27C6C4500068907D /* SelectDay */,
			);
			path = EditPay;
			sourceTree = "<group>";
		};
		0DA52D6624DE6DE20002BB92 /* Resources */ = {
			isa = PBXGroup;
			children = (
				0D62F45824DE6DAF00FA96F0 /* Assets.xcassets */,
				0DEB2ED527D276D700304881 /* README.pdf */,
				0DA52D7924DE71EA0002BB92 /* Strings.swift */,
				0DA52D8724DFBA160002BB92 /* Images.swift */,
			);
			path = Resources;
			sourceTree = "<group>";
		};
		0DA52D6724DE6DE70002BB92 /* UI */ = {
			isa = PBXGroup;
			children = (
				0DBB9C19277354A7002B8961 /* App */,
				0D42EE3524DFDC4D00A5E631 /* Shared */,
				0DA52D6A24DE6E010002BB92 /* Main */,
				0DBB9C1E27740E44002B8961 /* EditBudget */,
				0D8227F627B0362D00ABB884 /* EditPay */,
				0D13AD4F27CF61F900B0119E /* Settings */,
			);
			path = UI;
			sourceTree = "<group>";
		};
		0DA52D6824DE6DF00002BB92 /* Model */ = {
			isa = PBXGroup;
			children = (
				0DA52D7B24DE72670002BB92 /* Budget.swift */,
				0DA52D8324DE75B80002BB92 /* Household.swift */,
				0DA52D8524DFB8540002BB92 /* Settings.swift */,
			);
			path = Model;
			sourceTree = "<group>";
		};
		0DA52D6924DE6DF50002BB92 /* Lib */ = {
			isa = PBXGroup;
			children = (
				0DA52D7F24DE746E0002BB92 /* DataManager.swift */,
				0D92EF7327D0898500A7D2B2 /* AppSettings.swift */,
				0DBB9C1C2773C433002B8961 /* UIUtils.swift */,
			);
			path = Lib;
			sourceTree = "<group>";
		};
		0DA52D6A24DE6E010002BB92 /* Main */ = {
			isa = PBXGroup;
			children = (
				0DBB9C332785BE37002B8961 /* BudgetCell.swift */,
				0DBB9C342785BE37002B8961 /* BudgetCell.xib */,
				0DBB9C29277D481C002B8961 /* HouseholdTable.swift */,
				0DBB9C2B277D77AC002B8961 /* HouseholdTableCell.swift */,
				0DBB9C2C277D77AC002B8961 /* HouseholdTableCell.xib */,
				0DA52D6B24DE705E0002BB92 /* MainViewController.swift */,
				0DA52D6C24DE705E0002BB92 /* MainViewController.xib */,
			);
			path = Main;
			sourceTree = "<group>";
		};
		0DBB9C19277354A7002B8961 /* App */ = {
			isa = PBXGroup;
			children = (
				0D62F45A24DE6DAF00FA96F0 /* LaunchScreen.storyboard */,
				0D62F44F24DE6DAE00FA96F0 /* AppDelegate.swift */,
				0D62F45124DE6DAE00FA96F0 /* SceneDelegate.swift */,
			);
			path = App;
			sourceTree = "<group>";
		};
		0DBB9C1E27740E44002B8961 /* EditBudget */ = {
			isa = PBXGroup;
			children = (
				0DBB9C1F27740E61002B8961 /* EditBudgetViewController.swift */,
				0DBB9C2027740E61002B8961 /* EditBudgetViewController.xib */,
			);
			path = EditBudget;
			sourceTree = "<group>";
		};
		0DEB2ED027D274EF00304881 /* Manual */ = {
			isa = PBXGroup;
			children = (
				0DEB2ED127D2750D00304881 /* ManualViewController.swift */,
				0DEB2ED227D2750D00304881 /* ManualViewController.xib */,
			);
			path = Manual;
			sourceTree = "<group>";
		};
/* End PBXGroup section */

/* Begin PBXNativeTarget section */
		0D62F44B24DE6DAE00FA96F0 /* RakuKakei */ = {
			isa = PBXNativeTarget;
			buildConfigurationList = 0D62F46024DE6DAF00FA96F0 /* Build configuration list for PBXNativeTarget "RakuKakei" */;
			buildPhases = (
				0D62F44824DE6DAE00FA96F0 /* Sources */,
				0D62F44924DE6DAE00FA96F0 /* Frameworks */,
				0D62F44A24DE6DAE00FA96F0 /* Resources */,
			);
			buildRules = (
			);
			dependencies = (
			);
			name = RakuKakei;
			packageProductDependencies = (
				0DA52D7024DE71710002BB92 /* SQuery */,
				0DA52D7324DE71830002BB92 /* SizUI */,
				0DA52D7624DE71950002BB92 /* SizUtil */,
			);
			productName = RakuKakei;
			productReference = 0D62F44C24DE6DAE00FA96F0 /* 楽家計.app */;
			productType = "com.apple.product-type.application";
		};
/* End PBXNativeTarget section */

/* Begin PBXProject section */
		0D62F44424DE6DAE00FA96F0 /* Project object */ = {
			isa = PBXProject;
			attributes = {
				LastSwiftUpdateCheck = 1160;
				LastUpgradeCheck = 1400;
				ORGANIZATIONNAME = Sizuha;
				TargetAttributes = {
					0D62F44B24DE6DAE00FA96F0 = {
						CreatedOnToolsVersion = 11.6;
					};
				};
			};
			buildConfigurationList = 0D62F44724DE6DAE00FA96F0 /* Build configuration list for PBXProject "RakuKakei" */;
			compatibilityVersion = "Xcode 9.3";
			developmentRegion = jp;
			hasScannedForEncodings = 0;
			knownRegions = (
				en,
				jp,
				Base,
			);
			mainGroup = 0D62F44324DE6DAE00FA96F0;
			packageReferences = (
				0DA52D6F24DE71710002BB92 /* XCRemoteSwiftPackageReference "squery-swift" */,
				0DA52D7224DE71830002BB92 /* XCRemoteSwiftPackageReference "SizUI-iOS" */,
				0DA52D7524DE71950002BB92 /* XCRemoteSwiftPackageReference "SizUtil-iOS" */,
			);
			productRefGroup = 0D62F44D24DE6DAE00FA96F0 /* Products */;
			projectDirPath = "";
			projectRoot = "";
			targets = (
				0D62F44B24DE6DAE00FA96F0 /* RakuKakei */,
			);
		};
/* End PBXProject section */

/* Begin PBXResourcesBuildPhase section */
		0D62F44A24DE6DAE00FA96F0 /* Resources */ = {
			isa = PBXResourcesBuildPhase;
			buildActionMask = 2147483647;
			files = (
				0DBB9C362785BE37002B8961 /* BudgetCell.xib in Resources */,
				0D2C2A2E27C6C4680068907D /* SelectDayViewController.xib in Resources */,
				0D13AD5327CF621200B0119E /* SettingsViewController.xib in Resources */,
				0D8227FA27B039AA00ABB884 /* EditPayViewController.xib in Resources */,
				0D2C2A2227C6AD1A0068907D /* SelectBudgetViewController.xib in Resources */,
				0DBB9C2E277D77AC002B8961 /* HouseholdTableCell.xib in Resources */,
				0DEB2ED427D2750D00304881 /* ManualViewController.xib in Resources */,
				0D62F45C24DE6DAF00FA96F0 /* LaunchScreen.storyboard in Resources */,
				0DBB9C28277B8DF6002B8961 /* BudgetTableViewCell.xib in Resources */,
				0DEB2ED627D276D700304881 /* README.pdf in Resources */,
				0DBB9C2227740E61002B8961 /* EditBudgetViewController.xib in Resources */,
				0DA52D6E24DE705E0002BB92 /* MainViewController.xib in Resources */,
				0D62F45924DE6DAF00FA96F0 /* Assets.xcassets in Resources */,
			);
			runOnlyForDeploymentPostprocessing = 0;
		};
/* End PBXResourcesBuildPhase section */

/* Begin PBXSourcesBuildPhase section */
		0D62F44824DE6DAE00FA96F0 /* Sources */ = {
			isa = PBXSourcesBuildPhase;
			buildActionMask = 2147483647;
			files = (
				0DBB9C1D2773C433002B8961 /* UIUtils.swift in Sources */,
				0DA52D6D24DE705E0002BB92 /* MainViewController.swift in Sources */,
				0DBB9C27277B8DF6002B8961 /* BudgetTableViewCell.swift in Sources */,
				0D62F45024DE6DAE00FA96F0 /* AppDelegate.swift in Sources */,
				0D8227F927B039AA00ABB884 /* EditPayViewController.swift in Sources */,
				0DBB9C1B27738A33002B8961 /* BudgetTableView.swift in Sources */,
				0DA52D7C24DE72670002BB92 /* Budget.swift in Sources */,
				0D2C2A2D27C6C4680068907D /* SelectDayViewController.swift in Sources */,
				0DA52D8424DE75B80002BB92 /* Household.swift in Sources */,
				0DA52D8624DFB8540002BB92 /* Settings.swift in Sources */,
				0DEB2ED327D2750D00304881 /* ManualViewController.swift in Sources */,
				0DA52D8024DE746E0002BB92 /* DataManager.swift in Sources */,
				0D92EF7427D0898500A7D2B2 /* AppSettings.swift in Sources */,
				0DBB9C352785BE37002B8961 /* BudgetCell.swift in Sources */,
				0DBB9C2127740E61002B8961 /* EditBudgetViewController.swift in Sources */,
				0D13AD5227CF621200B0119E /* SettingsViewController.swift in Sources */,
				0DA52D8224DE74F40002BB92 /* Config.swift in Sources */,
				0DA52D7A24DE71EA0002BB92 /* Strings.swift in Sources */,
				0DA52D8824DFBA160002BB92 /* Images.swift in Sources */,
				0D62F45224DE6DAE00FA96F0 /* SceneDelegate.swift in Sources */,
				0DE0D1D9284E6BBD0060D3AC /* BaseViewController.swift in Sources */,
				0DBB9C1827724337002B8961 /* YearMonthPicker.swift in Sources */,
				0D2C2A2127C6AD1A0068907D /* SelectBudgetViewController.swift in Sources */,
				0DBB9C2D277D77AC002B8961 /* HouseholdTableCell.swift in Sources */,
				0DBB9C2A277D481C002B8961 /* HouseholdTable.swift in Sources */,
			);
			runOnlyForDeploymentPostprocessing = 0;
		};
/* End PBXSourcesBuildPhase section */

/* Begin PBXVariantGroup section */
		0D62F45A24DE6DAF00FA96F0 /* LaunchScreen.storyboard */ = {
			isa = PBXVariantGroup;
			children = (
				0D62F45B24DE6DAF00FA96F0 /* Base */,
			);
			name = LaunchScreen.storyboard;
			sourceTree = "<group>";
		};
/* End PBXVariantGroup section */

/* Begin XCBuildConfiguration section */
		0D62F45E24DE6DAF00FA96F0 /* Debug */ = {
			isa = XCBuildConfiguration;
			buildSettings = {
				ALWAYS_SEARCH_USER_PATHS = NO;
				CLANG_ANALYZER_LOCALIZABILITY_NONLOCALIZED = YES;
				CLANG_ANALYZER_NONNULL = YES;
				CLANG_ANALYZER_NUMBER_OBJECT_CONVERSION = YES_AGGRESSIVE;
				CLANG_CXX_LANGUAGE_STANDARD = "gnu++14";
				CLANG_CXX_LIBRARY = "libc++";
				CLANG_ENABLE_MODULES = YES;
				CLANG_ENABLE_OBJC_ARC = YES;
				CLANG_ENABLE_OBJC_WEAK = YES;
				CLANG_WARN_BLOCK_CAPTURE_AUTORELEASING = YES;
				CLANG_WARN_BOOL_CONVERSION = YES;
				CLANG_WARN_COMMA = YES;
				CLANG_WARN_CONSTANT_CONVERSION = YES;
				CLANG_WARN_DEPRECATED_OBJC_IMPLEMENTATIONS = YES;
				CLANG_WARN_DIRECT_OBJC_ISA_USAGE = YES_ERROR;
				CLANG_WARN_DOCUMENTATION_COMMENTS = YES;
				CLANG_WARN_EMPTY_BODY = YES;
				CLANG_WARN_ENUM_CONVERSION = YES;
				CLANG_WARN_INFINITE_RECURSION = YES;
				CLANG_WARN_INT_CONVERSION = YES;
				CLANG_WARN_NON_LITERAL_NULL_CONVERSION = YES;
				CLANG_WARN_OBJC_IMPLICIT_RETAIN_SELF = YES;
				CLANG_WARN_OBJC_LITERAL_CONVERSION = YES;
				CLANG_WARN_OBJC_ROOT_CLASS = YES_ERROR;
				CLANG_WARN_QUOTED_INCLUDE_IN_FRAMEWORK_HEADER = YES;
				CLANG_WARN_RANGE_LOOP_ANALYSIS = YES;
				CLANG_WARN_STRICT_PROTOTYPES = YES;
				CLANG_WARN_SUSPICIOUS_MOVE = YES;
				CLANG_WARN_UNGUARDED_AVAILABILITY = YES_AGGRESSIVE;
				CLANG_WARN_UNREACHABLE_CODE = YES;
				CLANG_WARN__DUPLICATE_METHOD_MATCH = YES;
				COPY_PHASE_STRIP = NO;
				DEBUG_INFORMATION_FORMAT = dwarf;
				ENABLE_STRICT_OBJC_MSGSEND = YES;
				ENABLE_TESTABILITY = YES;
				GCC_C_LANGUAGE_STANDARD = gnu11;
				GCC_DYNAMIC_NO_PIC = NO;
				GCC_NO_COMMON_BLOCKS = YES;
				GCC_OPTIMIZATION_LEVEL = 0;
				GCC_PREPROCESSOR_DEFINITIONS = (
					"DEBUG=1",
					"$(inherited)",
				);
				GCC_WARN_64_TO_32_BIT_CONVERSION = YES;
				GCC_WARN_ABOUT_RETURN_TYPE = YES_ERROR;
				GCC_WARN_UNDECLARED_SELECTOR = YES;
				GCC_WARN_UNINITIALIZED_AUTOS = YES_AGGRESSIVE;
				GCC_WARN_UNUSED_FUNCTION = YES;
				GCC_WARN_UNUSED_VARIABLE = YES;
				IPHONEOS_DEPLOYMENT_TARGET = 15.2;
				MTL_ENABLE_DEBUG_INFO = INCLUDE_SOURCE;
				MTL_FAST_MATH = YES;
				ONLY_ACTIVE_ARCH = YES;
				SDKROOT = iphoneos;
				SWIFT_ACTIVE_COMPILATION_CONDITIONS = DEBUG;
				SWIFT_OPTIMIZATION_LEVEL = "-Onone";
			};
			name = Debug;
		};
		0D62F45F24DE6DAF00FA96F0 /* Release */ = {
			isa = XCBuildConfiguration;
			buildSettings = {
				ALWAYS_SEARCH_USER_PATHS = NO;
				CLANG_ANALYZER_LOCALIZABILITY_NONLOCALIZED = YES;
				CLANG_ANALYZER_NONNULL = YES;
				CLANG_ANALYZER_NUMBER_OBJECT_CONVERSION = YES_AGGRESSIVE;
				CLANG_CXX_LANGUAGE_STANDARD = "gnu++14";
				CLANG_CXX_LIBRARY = "libc++";
				CLANG_ENABLE_MODULES = YES;
				CLANG_ENABLE_OBJC_ARC = YES;
				CLANG_ENABLE_OBJC_WEAK = YES;
				CLANG_WARN_BLOCK_CAPTURE_AUTORELEASING = YES;
				CLANG_WARN_BOOL_CONVERSION = YES;
				CLANG_WARN_COMMA = YES;
				CLANG_WARN_CONSTANT_CONVERSION = YES;
				CLANG_WARN_DEPRECATED_OBJC_IMPLEMENTATIONS = YES;
				CLANG_WARN_DIRECT_OBJC_ISA_USAGE = YES_ERROR;
				CLANG_WARN_DOCUMENTATION_COMMENTS = YES;
				CLANG_WARN_EMPTY_BODY = YES;
				CLANG_WARN_ENUM_CONVERSION = YES;
				CLANG_WARN_INFINITE_RECURSION = YES;
				CLANG_WARN_INT_CONVERSION = YES;
				CLANG_WARN_NON_LITERAL_NULL_CONVERSION = YES;
				CLANG_WARN_OBJC_IMPLICIT_RETAIN_SELF = YES;
				CLANG_WARN_OBJC_LITERAL_CONVERSION = YES;
				CLANG_WARN_OBJC_ROOT_CLASS = YES_ERROR;
				CLANG_WARN_QUOTED_INCLUDE_IN_FRAMEWORK_HEADER = YES;
				CLANG_WARN_RANGE_LOOP_ANALYSIS = YES;
				CLANG_WARN_STRICT_PROTOTYPES = YES;
				CLANG_WARN_SUSPICIOUS_MOVE = YES;
				CLANG_WARN_UNGUARDED_AVAILABILITY = YES_AGGRESSIVE;
				CLANG_WARN_UNREACHABLE_CODE = YES;
				CLANG_WARN__DUPLICATE_METHOD_MATCH = YES;
				COPY_PHASE_STRIP = NO;
				DEBUG_INFORMATION_FORMAT = "dwarf-with-dsym";
				ENABLE_NS_ASSERTIONS = NO;
				ENABLE_STRICT_OBJC_MSGSEND = YES;
				GCC_C_LANGUAGE_STANDARD = gnu11;
				GCC_NO_COMMON_BLOCKS = YES;
				GCC_WARN_64_TO_32_BIT_CONVERSION = YES;
				GCC_WARN_ABOUT_RETURN_TYPE = YES_ERROR;
				GCC_WARN_UNDECLARED_SELECTOR = YES;
				GCC_WARN_UNINITIALIZED_AUTOS = YES_AGGRESSIVE;
				GCC_WARN_UNUSED_FUNCTION = YES;
				GCC_WARN_UNUSED_VARIABLE = YES;
				IPHONEOS_DEPLOYMENT_TARGET = 15.2;
				MTL_ENABLE_DEBUG_INFO = NO;
				MTL_FAST_MATH = YES;
				SDKROOT = iphoneos;
				SWIFT_COMPILATION_MODE = wholemodule;
				SWIFT_OPTIMIZATION_LEVEL = "-O";
				VALIDATE_PRODUCT = YES;
			};
			name = Release;
		};
		0D62F46124DE6DAF00FA96F0 /* Debug */ = {
			isa = XCBuildConfiguration;
			buildSettings = {
				ASSETCATALOG_COMPILER_APPICON_NAME = AppIcon;
				CODE_SIGN_ENTITLEMENTS = RakuKakei/RakuKakei.entitlements;
				CODE_SIGN_STYLE = Automatic;
				CURRENT_PROJECT_VERSION = 8;
				DEVELOPMENT_TEAM = R8QQLU625A;
				INFOPLIST_FILE = RakuKakei/Info.plist;
				IPHONEOS_DEPLOYMENT_TARGET = 16.6;
				LD_RUNPATH_SEARCH_PATHS = (
					"$(inherited)",
					"@executable_path/Frameworks",
				);
				MARKETING_VERSION = 1.5;
				PRODUCT_BUNDLE_IDENTIFIER = com.kishe.sizuha.RakuKakei;
				PRODUCT_NAME = "楽家計";
				SWIFT_VERSION = 5.0;
				TARGETED_DEVICE_FAMILY = 1;
			};
			name = Debug;
		};
		0D62F46224DE6DAF00FA96F0 /* Release */ = {
			isa = XCBuildConfiguration;
			buildSettings = {
				ASSETCATALOG_COMPILER_APPICON_NAME = AppIcon;
				CODE_SIGN_ENTITLEMENTS = RakuKakei/RakuKakei.entitlements;
				CODE_SIGN_STYLE = Automatic;
				CURRENT_PROJECT_VERSION = 8;
				DEVELOPMENT_TEAM = R8QQLU625A;
				INFOPLIST_FILE = RakuKakei/Info.plist;
				IPHONEOS_DEPLOYMENT_TARGET = 16.6;
				LD_RUNPATH_SEARCH_PATHS = (
					"$(inherited)",
					"@executable_path/Frameworks",
				);
				MARKETING_VERSION = 1.5;
				PRODUCT_BUNDLE_IDENTIFIER = com.kishe.sizuha.RakuKakei;
				PRODUCT_NAME = "楽家計";
				SWIFT_VERSION = 5.0;
				TARGETED_DEVICE_FAMILY = 1;
			};
			name = Release;
		};
/* End XCBuildConfiguration section */

/* Begin XCConfigurationList section */
		0D62F44724DE6DAE00FA96F0 /* Build configuration list for PBXProject "RakuKakei" */ = {
			isa = XCConfigurationList;
			buildConfigurations = (
				0D62F45E24DE6DAF00FA96F0 /* Debug */,
				0D62F45F24DE6DAF00FA96F0 /* Release */,
			);
			defaultConfigurationIsVisible = 0;
			defaultConfigurationName = Release;
		};
		0D62F46024DE6DAF00FA96F0 /* Build configuration list for PBXNativeTarget "RakuKakei" */ = {
			isa = XCConfigurationList;
			buildConfigurations = (
				0D62F46124DE6DAF00FA96F0 /* Debug */,
				0D62F46224DE6DAF00FA96F0 /* Release */,
			);
			defaultConfigurationIsVisible = 0;
			defaultConfigurationName = Release;
		};
/* End XCConfigurationList section */

/* Begin XCRemoteSwiftPackageReference section */
		0DA52D6F24DE71710002BB92 /* XCRemoteSwiftPackageReference "squery-swift" */ = {
			isa = XCRemoteSwiftPackageReference;
			repositoryURL = "https://github.com/Sizuha/squery-swift";
			requirement = {
				branch = master;
				kind = branch;
			};
		};
		0DA52D7224DE71830002BB92 /* XCRemoteSwiftPackageReference "SizUI-iOS" */ = {
			isa = XCRemoteSwiftPackageReference;
			repositoryURL = "https://github.com/Sizuha/SizUI-iOS";
			requirement = {
				branch = dev;
				kind = branch;
			};
		};
		0DA52D7524DE71950002BB92 /* XCRemoteSwiftPackageReference "SizUtil-iOS" */ = {
			isa = XCRemoteSwiftPackageReference;
			repositoryURL = "https://github.com/Sizuha/SizUtil-iOS";
			requirement = {
				branch = master;
				kind = branch;
			};
		};
/* End XCRemoteSwiftPackageReference section */

/* Begin XCSwiftPackageProductDependency section */
		0DA52D7024DE71710002BB92 /* SQuery */ = {
			isa = XCSwiftPackageProductDependency;
			package = 0DA52D6F24DE71710002BB92 /* XCRemoteSwiftPackageReference "squery-swift" */;
			productName = SQuery;
		};
		0DA52D7324DE71830002BB92 /* SizUI */ = {
			isa = XCSwiftPackageProductDependency;
			package = 0DA52D7224DE71830002BB92 /* XCRemoteSwiftPackageReference "SizUI-iOS" */;
			productName = SizUI;
		};
		0DA52D7624DE71950002BB92 /* SizUtil */ = {
			isa = XCSwiftPackageProductDependency;
			package = 0DA52D7524DE71950002BB92 /* XCRemoteSwiftPackageReference "SizUtil-iOS" */;
			productName = SizUtil;
		};
/* End XCSwiftPackageProductDependency section */
	};
	rootObject = 0D62F44424DE6DAE00FA96F0 /* Project object */;
}
