{
  "object": {
    "pins": [
      {
        "package": "SizUI",
        "repositoryURL": "https://github.com/Sizuha/SizUI-iOS",
        "state": {
          "branch": "master",
          "revision": "124f5083e87e44a4ee38637de72add274b3e5003",
          "version": null
        }
      },
      {
        "package": "SizUtil",
        "repositoryURL": "https://github.com/Sizuha/SizUtil-iOS",
        "state": {
          "branch": "master",
          "revision": "953da2a6629e4bf0a671ff160274b968fb689532",
          "version": null
        }
      },
      {
        "package": "SQuery",
        "repositoryURL": "https://github.com/Sizuha/squery-swift",
        "state": {
          "branch": "master",
          "revision": "4810950bd551e55627981bdfa7c78de97f66f16c",
          "version": null
        }
      }
    ]
  },
  "version": 1
}
