{
  "pins" : [
    {
      "identity" : "sizui-ios",
      "kind" : "remoteSourceControl",
      "location" : "https://github.com/Sizuha/SizUI-iOS",
      "state" : {
        "branch" : "dev",
        "revision" : "be483e3faed132a03b133ecf3757862826352782"
      }
    },
    {
      "identity" : "sizutil-ios",
      "kind" : "remoteSourceControl",
      "location" : "https://github.com/Sizuha/SizUtil-iOS",
      "state" : {
        "branch" : "master",
        "revision" : "32602c8165732d21eea548f6a79262b5c14b555a"
      }
    },
    {
      "identity" : "squery-swift",
      "kind" : "remoteSourceControl",
      "location" : "https://github.com/Sizuha/squery-swift",
      "state" : {
        "branch" : "master",
        "revision" : "0d8e92ba00fd6fd5e5ffd91b13393ef2976ebe83"
      }
    }
  ],
  "version" : 2
}
