{
  "pins" : [
    {
      "identity" : "sizui-ios",
      "kind" : "remoteSourceControl",
      "location" : "https://github.com/Sizuha/SizUI-iOS",
      "state" : {
        "branch" : "dev",
        "revision" : "87e1a61b481b18f76da595037b23df9b7d413c74"
      }
    },
    {
      "identity" : "sizutil-ios",
      "kind" : "remoteSourceControl",
      "location" : "https://github.com/Sizuha/SizUtil-iOS",
      "state" : {
        "branch" : "master",
        "revision" : "b6ca5c0a5340b710bbd71f19076dfab51a8630d7"
      }
    },
    {
      "identity" : "squery-swift",
      "kind" : "remoteSourceControl",
      "location" : "https://github.com/Sizuha/squery-swift",
      "state" : {
        "branch" : "master",
        "revision" : "0d8e92ba00fd6fd5e5ffd91b13393ef2976ebe83"
      }
    }
  ],
  "version" : 2
}
